# This file is automatically @generated by Cargo.
# It is not intended for manual editing.
version = 4

[[package]]
name = "constant-product-curve"
version = "0.1.0"
source = "git+https://github.com/deanmlittle/constant-product-curve.git#2a723a0ff5ad522f657f80c053c2bb290da28b70"

[[package]]
name = "five8_const"
version = "0.1.4"
source = "registry+https://github.com/rust-lang/crates.io-index"
checksum = "26dec3da8bc3ef08f2c04f61eab298c3ab334523e55f076354d6d6f613799a7b"
dependencies = [
 "five8_core",
]

[[package]]
name = "five8_core"
version = "0.1.1"
source = "registry+https://github.com/rust-lang/crates.io-index"
checksum = "94474d15a76982be62ca8a39570dccce148d98c238ebb7408b0a21b2c4bdddc4"

[[package]]
name = "native-amm-program"
version = "0.1.0"
dependencies = [
 "constant-product-curve",
 "pinocchio 0.7.1",
 "pinocchio-associated-token-account",
 "pinocchio-system",
 "pinocchio-token",
]

[[package]]
name = "pinocchio"
version = "0.7.1"
source = "registry+https://github.com/rust-lang/crates.io-index"
checksum = "43a8a77bf74e1c4050a2bad53648acfcfbf22b1806473f9c9334a58ef3b38ec4"

[[package]]
name = "pinocchio"
version = "0.8.4"
source = "registry+https://github.com/rust-lang/crates.io-index"
checksum = "7c33b58567c11b07749cefbb8320ac023f3387c57807aeb8e3b1262501b6e9f0"

[[package]]
name = "pinocchio-associated-token-account"
version = "0.1.0"
source = "registry+https://github.com/rust-lang/crates.io-index"
checksum = "d998f46875eb2144e63a9dd3f70df3a4132885497b25c4bedbfab7d14c0628e8"
dependencies = [
 "pinocchio 0.7.1",
 "pinocchio-pubkey",
]

[[package]]
name = "pinocchio-pubkey"
version = "0.2.4"
source = "registry+https://github.com/rust-lang/crates.io-index"
checksum = "0c6b20fcebc172c3cd3f54114b0241b48fa8e30893ced2eb4927aaba5e3a0ba5"
dependencies = [
 "five8_const",
 "pinocchio 0.8.4",
]

[[package]]
name = "pinocchio-system"
version = "0.2.1"
source = "registry+https://github.com/rust-lang/crates.io-index"
checksum = "691ec8989fcb86fba22f22deb3cae9d440dc174d1735dd785b172349e9cbbb8a"
dependencies = [
 "pinocchio 0.7.1",
 "pinocchio-pubkey",
]

[[package]]
name = "pinocchio-token"
version = "0.2.1"
source = "registry+https://github.com/rust-lang/crates.io-index"
checksum = "d94c71afd8ddf3d2befc8c64e6efc58ede172bb98051c0faa02db8a737c958cd"
dependencies = [
 "pinocchio 0.7.1",
 "pinocchio-pubkey",
]
